
Microsoft Visual Studio Solution File, Format Version 12.00
Project("{FAE04EC0-301F-11D3-BF4B-00C04F79EFBC}") = "elevator", "elevator\elevator.csproj", "{C0490381-F00D-4106-919F-7699E9F5EEAA}"
EndProject
Project("{FAE04EC0-301F-11D3-BF4B-00C04F79EFBC}") = "ElevatorTests", "ElevatorTests\ElevatorTests.csproj", "{2B55A24B-B8DE-4A04-B50E-E9716D3D8DE1}"
EndProject
Global
	GlobalSection(SolutionConfigurationPlatforms) = preSolution
		Debug|Any CPU = Debug|Any CPU
		Release|Any CPU = Release|Any CPU
	EndGlobalSection
	GlobalSection(ProjectConfigurationPlatforms) = postSolution
		{C0490381-F00D-4106-919F-7699E9F5EEAA}.Debug|Any CPU.ActiveCfg = Debug|Any CPU
		{C0490381-F00D-4106-919F-7699E9F5EEAA}.Debug|Any CPU.Build.0 = Debug|Any CPU
		{C0490381-F00D-4106-919F-7699E9F5EEAA}.Release|Any CPU.ActiveCfg = Release|Any CPU
		{C0490381-F00D-4106-919F-7699E9F5EEAA}.Release|Any CPU.Build.0 = Release|Any CPU
		{2B55A24B-B8DE-4A04-B50E-E9716D3D8DE1}.Debug|Any CPU.ActiveCfg = Debug|Any CPU
		{2B55A24B-B8DE-4A04-B50E-E9716D3D8DE1}.Debug|Any CPU.Build.0 = Debug|Any CPU
		{2B55A24B-B8DE-4A04-B50E-E9716D3D8DE1}.Release|Any CPU.ActiveCfg = Release|Any CPU
		{2B55A24B-B8DE-4A04-B50E-E9716D3D8DE1}.Release|Any CPU.Build.0 = Release|Any CPU
	EndGlobalSection
EndGlobal
